
Microsoft Visual Studio Solution File, Format Version 12.00
# Visual Studio Version 17
VisualStudioVersion = 17.5.002.0
MinimumVisualStudioVersion = 10.0.40219.1
Project("{2150E333-8FDC-42A3-9474-1A3956D46DE8}") = "Arrays", "Arrays", "{B45EB5A6-C441-4428-8D65-E219F62E36F3}"
EndProject
Project("{9A19103F-16F7-4668-BE54-9A1E7A4F7556}") = "CSharpArrays", "Arrays\CSharpArrays\CSharpArrays.csproj", "{D798C2B9-9BA5-47BB-8B32-508F39169C69}"
EndProject
Global
	GlobalSection(SolutionConfigurationPlatforms) = preSolution
		Debug|Any CPU = Debug|Any CPU
		Release|Any CPU = Release|Any CPU
	EndGlobalSection
	GlobalSection(ProjectConfigurationPlatforms) = postSolution
		{D798C2B9-9BA5-47BB-8B32-508F39169C69}.Debug|Any CPU.ActiveCfg = Debug|Any CPU
		{D798C2B9-9BA5-47BB-8B32-508F39169C69}.Debug|Any CPU.Build.0 = Debug|Any CPU
		{D798C2B9-9BA5-47BB-8B32-508F39169C69}.Release|Any CPU.ActiveCfg = Release|Any CPU
		{D798C2B9-9BA5-47BB-8B32-508F39169C69}.Release|Any CPU.Build.0 = Release|Any CPU
	EndGlobalSection
	GlobalSection(SolutionProperties) = preSolution
		HideSolutionNode = FALSE
	EndGlobalSection
	GlobalSection(NestedProjects) = preSolution
		{D798C2B9-9BA5-47BB-8B32-508F39169C69} = {B45EB5A6-C441-4428-8D65-E219F62E36F3}
	EndGlobalSection
	GlobalSection(ExtensibilityGlobals) = postSolution
		SolutionGuid = {D8E96078-2374-4D83-9627-B3BEC2B69E02}
	EndGlobalSection
EndGlobal
